
Microsoft Visual Studio Solution File, Format Version 12.00
# Visual Studio Version 17
VisualStudioVersion = 17.8.34309.116
MinimumVisualStudioVersion = 10.0.40219.1
Project("{FAE04EC0-301F-11D3-BF4B-00C04F79EFBC}") = "Task_Log", "Task_Log.csproj", "{E5CE874B-D28D-4D83-BD07-FB2D9CED063C}"
EndProject
Global
	GlobalSection(SolutionConfigurationPlatforms) = preSolution
		Debug|Any CPU = Debug|Any CPU
		Release|Any CPU = Release|Any CPU
	EndGlobalSection
	GlobalSection(ProjectConfigurationPlatforms) = postSolution
		{E5CE874B-D28D-4D83-BD07-FB2D9CED063C}.Debug|Any CPU.ActiveCfg = Debug|Any CPU
		{E5CE874B-D28D-4D83-BD07-FB2D9CED063C}.Debug|Any CPU.Build.0 = Debug|Any CPU
		{E5CE874B-D28D-4D83-BD07-FB2D9CED063C}.Release|Any CPU.ActiveCfg = Release|Any CPU
		{E5CE874B-D28D-4D83-BD07-FB2D9CED063C}.Release|Any CPU.Build.0 = Release|Any CPU
	EndGlobalSection
	GlobalSection(SolutionProperties) = preSolution
		HideSolutionNode = FALSE
	EndGlobalSection
	GlobalSection(ExtensibilityGlobals) = postSolution
		SolutionGuid = {53F594AD-BBC4-4B15-9708-17501E3BE0F3}
	EndGlobalSection
EndGlobal
